// !$*UTF8*$!
{
	archiveVersion = 1;
	classes = {
	};
	objectVersion = 46;
	objects = {

/* Begin PBXBuildFile section */
		0417F51C19BDFBA200FCE843 /* main.swift in Sources */ = {isa = PBXBuildFile; fileRef = 0417F51B19BDFBA200FCE843 /* main.swift */; };
		0417F52319BDFBDD00FCE843 /* Car.swift in Sources */ = {isa = PBXBuildFile; fileRef = 0417F52219BDFBDD00FCE843 /* Car.swift */; };
		0417F52519BDFF3300FCE843 /* TurboCar.swift in Sources */ = {isa = PBXBuildFile; fileRef = 0417F52419BDFF3300FCE843 /* TurboCar.swift */; };
		0417F52719BE045600FCE843 /* HybridCar.swift in Sources */ = {isa = PBXBuildFile; fileRef = 0417F52619BE045600FCE843 /* HybridCar.swift */; };
		048962DB19C87A0800E2AF5D /* PickupTruck.swift in Sources */ = {isa = PBXBuildFile; fileRef = 048962DA19C87A0800E2AF5D /* PickupTruck.swift */; };
/* End PBXBuildFile section */

/* Begin PBXCopyFilesBuildPhase section */
		0417F51619BDFBA200FCE843 /* CopyFiles */ = {
			isa = PBXCopyFilesBuildPhase;
			buildActionMask = 2147483647;
			dstPath = /usr/share/man/man1/;
			dstSubfolderSpec = 0;
			files = (
			);
			runOnlyForDeploymentPostprocessing = 1;
		};
/* End PBXCopyFilesBuildPhase section */

/* Begin PBXFileReference section */
		0417F51819BDFBA200FCE843 /* Unit2Lesson3 */ = {isa = PBXFileReference; explicitFileType = "compiled.mach-o.executable"; includeInIndex = 0; path = Unit2Lesson3; sourceTree = BUILT_PRODUCTS_DIR; };
		0417F51B19BDFBA200FCE843 /* main.swift */ = {isa = PBXFileReference; lastKnownFileType = sourcecode.swift; path = main.swift; sourceTree = "<group>"; };
		0417F52219BDFBDD00FCE843 /* Car.swift */ = {isa = PBXFileReference; fileEncoding = 4; lastKnownFileType = sourcecode.swift; path = Car.swift; sourceTree = "<group>"; };
		0417F52419BDFF3300FCE843 /* TurboCar.swift */ = {isa = PBXFileReference; fileEncoding = 4; lastKnownFileType = sourcecode.swift; path = TurboCar.swift; sourceTree = "<group>"; };
		0417F52619BE045600FCE843 /* HybridCar.swift */ = {isa = PBXFileReference; fileEncoding = 4; lastKnownFileType = sourcecode.swift; path = HybridCar.swift; sourceTree = "<group>"; };
		048962DA19C87A0800E2AF5D /* PickupTruck.swift */ = {isa = PBXFileReference; fileEncoding = 4; lastKnownFileType = sourcecode.swift; path = PickupTruck.swift; sourceTree = "<group>"; };
/* End PBXFileReference section */

/* Begin PBXFrameworksBuildPhase section */
		0417F51519BDFBA200FCE843 /* Frameworks */ = {
			isa = PBXFrameworksBuildPhase;
			buildActionMask = 2147483647;
			files = (
			);
			runOnlyForDeploymentPostprocessing = 0;
		};
/* End PBXFrameworksBuildPhase section */

/* Begin PBXGroup section */
		0417F50F19BDFBA200FCE843 = {
			isa = PBXGroup;
			children = (
				0417F51A19BDFBA200FCE843 /* Unit2Lesson3 */,
				0417F51919BDFBA200FCE843 /* Products */,
			);
			sourceTree = "<group>";
		};
		0417F51919BDFBA200FCE843 /* Products */ = {
			isa = PBXGroup;
			children = (
				0417F51819BDFBA200FCE843 /* Unit2Lesson3 */,
			);
			name = Products;
			sourceTree = "<group>";
		};
		0417F51A19BDFBA200FCE843 /* Unit2Lesson3 */ = {
			isa = PBXGroup;
			children = (
				0417F51B19BDFBA200FCE843 /* main.swift */,
				0417F52219BDFBDD00FCE843 /* Car.swift */,
				0417F52419BDFF3300FCE843 /* TurboCar.swift */,
				0417F52619BE045600FCE843 /* HybridCar.swift */,
				048962DA19C87A0800E2AF5D /* PickupTruck.swift */,
			);
			path = Unit2Lesson3;
			sourceTree = "<group>";
		};
/* End PBXGroup section */

/* Begin PBXNativeTarget section */
		0417F51719BDFBA200FCE843 /* Unit2Lesson3 */ = {
			isa = PBXNativeTarget;
			buildConfigurationList = 0417F51F19BDFBA200FCE843 /* Build configuration list for PBXNativeTarget "Unit2Lesson3" */;
			buildPhases = (
				0417F51419BDFBA200FCE843 /* Sources */,
				0417F51519BDFBA200FCE843 /* Frameworks */,
				0417F51619BDFBA200FCE843 /* CopyFiles */,
			);
			buildRules = (
			);
			dependencies = (
			);
			name = Unit2Lesson3;
			productName = Unit2Lesson3;
			productReference = 0417F51819BDFBA200FCE843 /* Unit2Lesson3 */;
			productType = "com.apple.product-type.tool";
		};
/* End PBXNativeTarget section */

/* Begin PBXProject section */
		0417F51019BDFBA200FCE843 /* Project object */ = {
			isa = PBXProject;
			attributes = {
				LastUpgradeCheck = 0600;
				ORGANIZATIONNAME = "Samuel Mbassa";
				TargetAttributes = {
					0417F51719BDFBA200FCE843 = {
						CreatedOnToolsVersion = 6.0;
					};
				};
			};
			buildConfigurationList = 0417F51319BDFBA200FCE843 /* Build configuration list for PBXProject "Unit2Lesson3" */;
			compatibilityVersion = "Xcode 3.2";
			developmentRegion = English;
			hasScannedForEncodings = 0;
			knownRegions = (
				en,
			);
			mainGroup = 0417F50F19BDFBA200FCE843;
			productRefGroup = 0417F51919BDFBA200FCE843 /* Products */;
			projectDirPath = "";
			projectRoot = "";
			targets = (
				0417F51719BDFBA200FCE843 /* Unit2Lesson3 */,
			);
		};
/* End PBXProject section */

/* Begin PBXSourcesBuildPhase section */
		0417F51419BDFBA200FCE843 /* Sources */ = {
			isa = PBXSourcesBuildPhase;
			buildActionMask = 2147483647;
			files = (
				0417F52319BDFBDD00FCE843 /* Car.swift in Sources */,
				0417F51C19BDFBA200FCE843 /* main.swift in Sources */,
				048962DB19C87A0800E2AF5D /* PickupTruck.swift in Sources */,
				0417F52719BE045600FCE843 /* HybridCar.swift in Sources */,
				0417F52519BDFF3300FCE843 /* TurboCar.swift in Sources */,
			);
			runOnlyForDeploymentPostprocessing = 0;
		};
/* End PBXSourcesBuildPhase section */

/* Begin XCBuildConfiguration section */
		0417F51D19BDFBA200FCE843 /* Debug */ = {
			isa = XCBuildConfiguration;
			buildSettings = {
				ALWAYS_SEARCH_USER_PATHS = NO;
				CLANG_CXX_LANGUAGE_STANDARD = "gnu++0x";
				CLANG_CXX_LIBRARY = "libc++";
				CLANG_ENABLE_MODULES = YES;
				CLANG_ENABLE_OBJC_ARC = YES;
				CLANG_WARN_BOOL_CONVERSION = YES;
				CLANG_WARN_CONSTANT_CONVERSION = YES;
				CLANG_WARN_DIRECT_OBJC_ISA_USAGE = YES_ERROR;
				CLANG_WARN_EMPTY_BODY = YES;
				CLANG_WARN_ENUM_CONVERSION = YES;
				CLANG_WARN_INT_CONVERSION = YES;
				CLANG_WARN_OBJC_ROOT_CLASS = YES_ERROR;
				CLANG_WARN_UNREACHABLE_CODE = YES;
				CLANG_WARN__DUPLICATE_METHOD_MATCH = YES;
				COPY_PHASE_STRIP = NO;
				ENABLE_STRICT_OBJC_MSGSEND = YES;
				GCC_C_LANGUAGE_STANDARD = gnu99;
				GCC_DYNAMIC_NO_PIC = NO;
				GCC_OPTIMIZATION_LEVEL = 0;
				GCC_PREPROCESSOR_DEFINITIONS = (
					"DEBUG=1",
					"$(inherited)",
				);
				GCC_SYMBOLS_PRIVATE_EXTERN = NO;
				GCC_WARN_64_TO_32_BIT_CONVERSION = YES;
				GCC_WARN_ABOUT_RETURN_TYPE = YES_ERROR;
				GCC_WARN_UNDECLARED_SELECTOR = YES;
				GCC_WARN_UNINITIALIZED_AUTOS = YES_AGGRESSIVE;
				GCC_WARN_UNUSED_FUNCTION = YES;
				GCC_WARN_UNUSED_VARIABLE = YES;
				MACOSX_DEPLOYMENT_TARGET = 10.9;
				MTL_ENABLE_DEBUG_INFO = YES;
				ONLY_ACTIVE_ARCH = YES;
				SDKROOT = macosx;
				SWIFT_OPTIMIZATION_LEVEL = "-Onone";
			};
			name = Debug;
		};
		0417F51E19BDFBA200FCE843 /* Release */ = {
			isa = XCBuildConfiguration;
			buildSettings = {
				ALWAYS_SEARCH_USER_PATHS = NO;
				CLANG_CXX_LANGUAGE_STANDARD = "gnu++0x";
				CLANG_CXX_LIBRARY = "libc++";
				CLANG_ENABLE_MODULES = YES;
				CLANG_ENABLE_OBJC_ARC = YES;
				CLANG_WARN_BOOL_CONVERSION = YES;
				CLANG_WARN_CONSTANT_CONVERSION = YES;
				CLANG_WARN_DIRECT_OBJC_ISA_USAGE = YES_ERROR;
				CLANG_WARN_EMPTY_BODY = YES;
				CLANG_WARN_ENUM_CONVERSION = YES;
				CLANG_WARN_INT_CONVERSION = YES;
				CLANG_WARN_OBJC_ROOT_CLASS = YES_ERROR;
				CLANG_WARN_UNREACHABLE_CODE = YES;
				CLANG_WARN__DUPLICATE_METHOD_MATCH = YES;
				COPY_PHASE_STRIP = YES;
				DEBUG_INFORMATION_FORMAT = "dwarf-with-dsym";
				ENABLE_NS_ASSERTIONS = NO;
				ENABLE_STRICT_OBJC_MSGSEND = YES;
				GCC_C_LANGUAGE_STANDARD = gnu99;
				GCC_WARN_64_TO_32_BIT_CONVERSION = YES;
				GCC_WARN_ABOUT_RETURN_TYPE = YES_ERROR;
				GCC_WARN_UNDECLARED_SELECTOR = YES;
				GCC_WARN_UNINITIALIZED_AUTOS = YES_AGGRESSIVE;
				GCC_WARN_UNUSED_FUNCTION = YES;
				GCC_WARN_UNUSED_VARIABLE = YES;
				MACOSX_DEPLOYMENT_TARGET = 10.9;
				MTL_ENABLE_DEBUG_INFO = NO;
				SDKROOT = macosx;
			};
			name = Release;
		};
		0417F52019BDFBA200FCE843 /* Debug */ = {
			isa = XCBuildConfiguration;
			buildSettings = {
				PRODUCT_NAME = "$(TARGET_NAME)";
			};
			name = Debug;
		};
		0417F52119BDFBA200FCE843 /* Release */ = {
			isa = XCBuildConfiguration;
			buildSettings = {
				PRODUCT_NAME = "$(TARGET_NAME)";
			};
			name = Release;
		};
/* End XCBuildConfiguration section */

/* Begin XCConfigurationList section */
		0417F51319BDFBA200FCE843 /* Build configuration list for PBXProject "Unit2Lesson3" */ = {
			isa = XCConfigurationList;
			buildConfigurations = (
				0417F51D19BDFBA200FCE843 /* Debug */,
				0417F51E19BDFBA200FCE843 /* Release */,
			);
			defaultConfigurationIsVisible = 0;
			defaultConfigurationName = Release;
		};
		0417F51F19BDFBA200FCE843 /* Build configuration list for PBXNativeTarget "Unit2Lesson3" */ = {
			isa = XCConfigurationList;
			buildConfigurations = (
				0417F52019BDFBA200FCE843 /* Debug */,
				0417F52119BDFBA200FCE843 /* Release */,
			);
			defaultConfigurationIsVisible = 0;
			defaultConfigurationName = Release;
		};
/* End XCConfigurationList section */
	};
	rootObject = 0417F51019BDFBA200FCE843 /* Project object */;
}
